
Microsoft Visual Studio Solution File, Format Version 12.00
# Visual Studio 15
VisualStudioVersion = 15.0.28307.106
MinimumVisualStudioVersion = 10.0.40219.1
Project("{FAE04EC0-301F-11D3-BF4B-00C04F79EFBC}") = "Program", "Program\Program.csproj", "{EEC8D206-A0DC-4DE3-91A3-3C89EBAE9E21}"
EndProject
Global
	GlobalSection(SolutionConfigurationPlatforms) = preSolution
		Debug|Any CPU = Debug|Any CPU
		Release|Any CPU = Release|Any CPU
	EndGlobalSection
	GlobalSection(ProjectConfigurationPlatforms) = postSolution
		{EEC8D206-A0DC-4DE3-91A3-3C89EBAE9E21}.Debug|Any CPU.ActiveCfg = Debug|Any CPU
		{EEC8D206-A0DC-4DE3-91A3-3C89EBAE9E21}.Debug|Any CPU.Build.0 = Debug|Any CPU
		{EEC8D206-A0DC-4DE3-91A3-3C89EBAE9E21}.Release|Any CPU.ActiveCfg = Release|Any CPU
		{EEC8D206-A0DC-4DE3-91A3-3C89EBAE9E21}.Release|Any CPU.Build.0 = Release|Any CPU
	EndGlobalSection
	GlobalSection(SolutionProperties) = preSolution
		HideSolutionNode = FALSE
	EndGlobalSection
	GlobalSection(ExtensibilityGlobals) = postSolution
		SolutionGuid = {EF4783CF-69AE-4FE6-8741-B042ED7D1DBA}
	EndGlobalSection
EndGlobal
